
Microsoft Visual Studio Solution File, Format Version 12.00
# Visual Studio Version 17
VisualStudioVersion = 17.3.32929.385
MinimumVisualStudioVersion = 10.0.40219.1
Project("{FAE04EC0-301F-11D3-BF4B-00C04F79EFBC}") = "meeseeks-bus-pirate-spi-flash-mem-programmer", "meeseeks-bus-pirate-spi-flash-mem-programmer\meeseeks-bus-pirate-spi-flash-mem-programmer.csproj", "{F2CDC0C1-B040-4B7A-A5D6-1E1383D8999B}"
EndProject
Global
	GlobalSection(SolutionConfigurationPlatforms) = preSolution
		Debug|Any CPU = Debug|Any CPU
		Release|Any CPU = Release|Any CPU
	EndGlobalSection
	GlobalSection(ProjectConfigurationPlatforms) = postSolution
		{F2CDC0C1-B040-4B7A-A5D6-1E1383D8999B}.Debug|Any CPU.ActiveCfg = Debug|Any CPU
		{F2CDC0C1-B040-4B7A-A5D6-1E1383D8999B}.Debug|Any CPU.Build.0 = Debug|Any CPU
		{F2CDC0C1-B040-4B7A-A5D6-1E1383D8999B}.Release|Any CPU.ActiveCfg = Release|Any CPU
		{F2CDC0C1-B040-4B7A-A5D6-1E1383D8999B}.Release|Any CPU.Build.0 = Release|Any CPU
	EndGlobalSection
	GlobalSection(SolutionProperties) = preSolution
		HideSolutionNode = FALSE
	EndGlobalSection
	GlobalSection(ExtensibilityGlobals) = postSolution
		SolutionGuid = {F3BF209D-B926-4998-85B4-C2BC478C2451}
	EndGlobalSection
EndGlobal
